
Microsoft Visual Studio Solution File, Format Version 11.00
# Visual Studio 2010
Project("{FAE04EC0-301F-11D3-BF4B-00C04F79EFBC}") = "Connecting", "Connecting\Connecting.csproj", "{9BD3E33B-604F-4942-881A-31980F020E56}"
EndProject
Project("{FAE04EC0-301F-11D3-BF4B-00C04F79EFBC}") = "AdvancedActions", "AdvancedActions\AdvancedActions.csproj", "{5E361436-5CC5-4D7F-B794-0AFA01257AFA}"
EndProject
Project("{FAE04EC0-301F-11D3-BF4B-00C04F79EFBC}") = "DiscoverController", "DiscoverController\DiscoverController.csproj", "{B0D5C869-2BE5-48C4-B81E-D8B2A5C555A4}"
EndProject
Project("{FAE04EC0-301F-11D3-BF4B-00C04F79EFBC}") = "ResponseCallback", "ResponseCallback\ResponseCallback.csproj", "{F784230F-BE1C-4A5A-8E1E-80A620211528}"
EndProject
Project("{FAE04EC0-301F-11D3-BF4B-00C04F79EFBC}") = "TActionManagerExample", "TActionManagerExample\TActionManagerExample.csproj", "{AA566B1A-DA4C-4B2C-9510-5AE196F8A240}"
EndProject
Global
	GlobalSection(SolutionConfigurationPlatforms) = preSolution
		Debug|x86 = Debug|x86
		Release|x86 = Release|x86
	EndGlobalSection
	GlobalSection(ProjectConfigurationPlatforms) = postSolution
		{9BD3E33B-604F-4942-881A-31980F020E56}.Debug|x86.ActiveCfg = Debug|x86
		{9BD3E33B-604F-4942-881A-31980F020E56}.Debug|x86.Build.0 = Debug|x86
		{9BD3E33B-604F-4942-881A-31980F020E56}.Release|x86.ActiveCfg = Release|x86
		{9BD3E33B-604F-4942-881A-31980F020E56}.Release|x86.Build.0 = Release|x86
		{5E361436-5CC5-4D7F-B794-0AFA01257AFA}.Debug|x86.ActiveCfg = Debug|x86
		{5E361436-5CC5-4D7F-B794-0AFA01257AFA}.Debug|x86.Build.0 = Debug|x86
		{5E361436-5CC5-4D7F-B794-0AFA01257AFA}.Release|x86.ActiveCfg = Release|x86
		{5E361436-5CC5-4D7F-B794-0AFA01257AFA}.Release|x86.Build.0 = Release|x86
		{B0D5C869-2BE5-48C4-B81E-D8B2A5C555A4}.Debug|x86.ActiveCfg = Debug|x86
		{B0D5C869-2BE5-48C4-B81E-D8B2A5C555A4}.Debug|x86.Build.0 = Debug|x86
		{B0D5C869-2BE5-48C4-B81E-D8B2A5C555A4}.Release|x86.ActiveCfg = Release|x86
		{B0D5C869-2BE5-48C4-B81E-D8B2A5C555A4}.Release|x86.Build.0 = Release|x86
		{F784230F-BE1C-4A5A-8E1E-80A620211528}.Debug|x86.ActiveCfg = Debug|x86
		{F784230F-BE1C-4A5A-8E1E-80A620211528}.Debug|x86.Build.0 = Debug|x86
		{F784230F-BE1C-4A5A-8E1E-80A620211528}.Release|x86.ActiveCfg = Release|x86
		{F784230F-BE1C-4A5A-8E1E-80A620211528}.Release|x86.Build.0 = Release|x86
		{AA566B1A-DA4C-4B2C-9510-5AE196F8A240}.Debug|x86.ActiveCfg = Debug|x86
		{AA566B1A-DA4C-4B2C-9510-5AE196F8A240}.Debug|x86.Build.0 = Debug|x86
		{AA566B1A-DA4C-4B2C-9510-5AE196F8A240}.Release|x86.ActiveCfg = Release|x86
		{AA566B1A-DA4C-4B2C-9510-5AE196F8A240}.Release|x86.Build.0 = Release|x86
	EndGlobalSection
	GlobalSection(SolutionProperties) = preSolution
		HideSolutionNode = FALSE
	EndGlobalSection
EndGlobal
