
Microsoft Visual Studio Solution File, Format Version 11.00
# Visual Studio 2010
Project("{FAE04EC0-301F-11D3-BF4B-00C04F79EFBC}") = "BinaryMatching", "BinaryMatching.csproj", "{B0D5C869-2BE5-48C4-B81E-D8B2A5C555A4}"
EndProject
Project("{54435603-DBB4-11D2-8724-00A0C9A8B90C}") = "Binary Matching Setup Wizard", "..\Binary Matching Setup Wizard\Binary Matching Setup Wizard.vdproj", "{EDD08660-9938-4150-A21B-C32BEA967479}"
EndProject
Global
	GlobalSection(SolutionConfigurationPlatforms) = preSolution
		Debug|x86 = Debug|x86
		Release|x86 = Release|x86
	EndGlobalSection
	GlobalSection(ProjectConfigurationPlatforms) = postSolution
		{B0D5C869-2BE5-48C4-B81E-D8B2A5C555A4}.Debug|x86.ActiveCfg = Release|x86
		{B0D5C869-2BE5-48C4-B81E-D8B2A5C555A4}.Debug|x86.Build.0 = Release|x86
		{B0D5C869-2BE5-48C4-B81E-D8B2A5C555A4}.Release|x86.ActiveCfg = Release|x86
		{B0D5C869-2BE5-48C4-B81E-D8B2A5C555A4}.Release|x86.Build.0 = Release|x86
		{EDD08660-9938-4150-A21B-C32BEA967479}.Debug|x86.ActiveCfg = Debug
		{EDD08660-9938-4150-A21B-C32BEA967479}.Release|x86.ActiveCfg = Release
	EndGlobalSection
	GlobalSection(SolutionProperties) = preSolution
		HideSolutionNode = FALSE
	EndGlobalSection
EndGlobal
